# THIS IS AN AUTOGENERATED FILE. DO NOT EDIT THIS FILE DIRECTLY.
# yarn lockfile v1


"@argent/get-starknet@^3.2.0":
  version "3.2.0"
  resolved "https://registry.yarnpkg.com/@argent/get-starknet/-/get-starknet-3.2.0.tgz#902be150ef37b0b2350b4c7c7daea9e96dcf807a"
  integrity sha512-MWy/duqkpqCW517pIIJTTML1CURJM/FtqsHHNVJ8LEU9dOUWnG9Cp+tqrUeHJxygnWAuN+EdSD+gO6VOov5o2Q==
